
Microsoft Visual Studio Solution File, Format Version 12.00
# Visual Studio 15
VisualStudioVersion = 15.0.28307.421
MinimumVisualStudioVersion = 10.0.40219.1
Project("{9A19103F-16F7-4668-BE54-9A1E7A4F7556}") = "WebPayNetCore", "WebPayNetCore\WebPayNetCore.csproj", "{504506F7-AEE9-4206-8717-E0EACBAFBD37}"
EndProject
Global
	GlobalSection(SolutionConfigurationPlatforms) = preSolution
		Debug|Any CPU = Debug|Any CPU
		Release|Any CPU = Release|Any CPU
	EndGlobalSection
	GlobalSection(ProjectConfigurationPlatforms) = postSolution
		{504506F7-AEE9-4206-8717-E0EACBAFBD37}.Debug|Any CPU.ActiveCfg = Debug|Any CPU
		{504506F7-AEE9-4206-8717-E0EACBAFBD37}.Debug|Any CPU.Build.0 = Debug|Any CPU
		{504506F7-AEE9-4206-8717-E0EACBAFBD37}.Release|Any CPU.ActiveCfg = Release|Any CPU
		{504506F7-AEE9-4206-8717-E0EACBAFBD37}.Release|Any CPU.Build.0 = Release|Any CPU
	EndGlobalSection
	GlobalSection(SolutionProperties) = preSolution
		HideSolutionNode = FALSE
	EndGlobalSection
	GlobalSection(ExtensibilityGlobals) = postSolution
		SolutionGuid = {B4F3F54D-33C5-4571-90E4-9B5AA90256A4}
	EndGlobalSection
EndGlobal
